# generated by rye
# use `rye lock` or `rye sync` to update this lockfile
#
# last locked with the following flags:
#   pre: false
#   features: []
#   all-features: false
#   with-sources: false
#   generate-hashes: false
#   universal: false

-e file:.
annotated-types==0.7.0
    # via pydantic
iniconfig==2.0.0
    # via pytest
packaging==24.1
    # via pytest
pip==24.2
pluggy==1.5.0
    # via pytest
pydantic==2.9.2
    # via pydantic-examples
pydantic-core==2.23.4
    # via pydantic
pytest==8.3.3
ruamel-yaml==0.18.6
    # via pydantic-examples
ruamel-yaml-clib==0.2.8
    # via ruamel-yaml
typing-extensions==4.12.2
    # via pydantic
    # via pydantic-core
